
Microsoft Visual Studio Solution File, Format Version 12.00
# Visual Studio Version 17
VisualStudioVersion = 17.2.32616.157
MinimumVisualStudioVersion = 10.0.40219.1
Project("{8BC9CEB8-8B4A-11D0-8D11-00A0C91BC942}") = "e1", "e1\e1.vcxproj", "{0A251241-B22D-4865-831E-4B1D2083231E}"
EndProject
Project("{8BC9CEB8-8B4A-11D0-8D11-00A0C91BC942}") = "e2", "e2\e2.vcxproj", "{B776A7D0-5638-4CFF-8B6A-DF71049F3BE9}"
EndProject
Project("{8BC9CEB8-8B4A-11D0-8D11-00A0C91BC942}") = "e3", "e3\e3.vcxproj", "{DC0B44A8-8A1B-4907-8993-CCCB651D1955}"
EndProject
Project("{8BC9CEB8-8B4A-11D0-8D11-00A0C91BC942}") = "e4", "e4\e4.vcxproj", "{AB397510-EEC5-4AE9-BED0-32C0EC69A886}"
EndProject
Project("{8BC9CEB8-8B4A-11D0-8D11-00A0C91BC942}") = "e5", "e5\e5.vcxproj", "{058D32A9-21DF-45AE-A05B-F52BEE56F758}"
EndProject
Project("{8BC9CEB8-8B4A-11D0-8D11-00A0C91BC942}") = "e6", "e6\e6.vcxproj", "{54895B78-B3E1-43D3-B218-7342EA66ED4B}"
EndProject
Global
	GlobalSection(SolutionConfigurationPlatforms) = preSolution
		Debug|x64 = Debug|x64
		Debug|x86 = Debug|x86
		Release|x64 = Release|x64
		Release|x86 = Release|x86
	EndGlobalSection
	GlobalSection(ProjectConfigurationPlatforms) = postSolution
		{0A251241-B22D-4865-831E-4B1D2083231E}.Debug|x64.ActiveCfg = Debug|x64
		{0A251241-B22D-4865-831E-4B1D2083231E}.Debug|x64.Build.0 = Debug|x64
		{0A251241-B22D-4865-831E-4B1D2083231E}.Debug|x86.ActiveCfg = Debug|Win32
		{0A251241-B22D-4865-831E-4B1D2083231E}.Debug|x86.Build.0 = Debug|Win32
		{0A251241-B22D-4865-831E-4B1D2083231E}.Release|x64.ActiveCfg = Release|x64
		{0A251241-B22D-4865-831E-4B1D2083231E}.Release|x64.Build.0 = Release|x64
		{0A251241-B22D-4865-831E-4B1D2083231E}.Release|x86.ActiveCfg = Release|Win32
		{0A251241-B22D-4865-831E-4B1D2083231E}.Release|x86.Build.0 = Release|Win32
		{B776A7D0-5638-4CFF-8B6A-DF71049F3BE9}.Debug|x64.ActiveCfg = Debug|x64
		{B776A7D0-5638-4CFF-8B6A-DF71049F3BE9}.Debug|x64.Build.0 = Debug|x64
		{B776A7D0-5638-4CFF-8B6A-DF71049F3BE9}.Debug|x86.ActiveCfg = Debug|Win32
		{B776A7D0-5638-4CFF-8B6A-DF71049F3BE9}.Debug|x86.Build.0 = Debug|Win32
		{B776A7D0-5638-4CFF-8B6A-DF71049F3BE9}.Release|x64.ActiveCfg = Release|x64
		{B776A7D0-5638-4CFF-8B6A-DF71049F3BE9}.Release|x64.Build.0 = Release|x64
		{B776A7D0-5638-4CFF-8B6A-DF71049F3BE9}.Release|x86.ActiveCfg = Release|Win32
		{B776A7D0-5638-4CFF-8B6A-DF71049F3BE9}.Release|x86.Build.0 = Release|Win32
		{DC0B44A8-8A1B-4907-8993-CCCB651D1955}.Debug|x64.ActiveCfg = Debug|x64
		{DC0B44A8-8A1B-4907-8993-CCCB651D1955}.Debug|x64.Build.0 = Debug|x64
		{DC0B44A8-8A1B-4907-8993-CCCB651D1955}.Debug|x86.ActiveCfg = Debug|Win32
		{DC0B44A8-8A1B-4907-8993-CCCB651D1955}.Debug|x86.Build.0 = Debug|Win32
		{DC0B44A8-8A1B-4907-8993-CCCB651D1955}.Release|x64.ActiveCfg = Release|x64
		{DC0B44A8-8A1B-4907-8993-CCCB651D1955}.Release|x64.Build.0 = Release|x64
		{DC0B44A8-8A1B-4907-8993-CCCB651D1955}.Release|x86.ActiveCfg = Release|Win32
		{DC0B44A8-8A1B-4907-8993-CCCB651D1955}.Release|x86.Build.0 = Release|Win32
		{AB397510-EEC5-4AE9-BED0-32C0EC69A886}.Debug|x64.ActiveCfg = Debug|x64
		{AB397510-EEC5-4AE9-BED0-32C0EC69A886}.Debug|x64.Build.0 = Debug|x64
		{AB397510-EEC5-4AE9-BED0-32C0EC69A886}.Debug|x86.ActiveCfg = Debug|Win32
		{AB397510-EEC5-4AE9-BED0-32C0EC69A886}.Debug|x86.Build.0 = Debug|Win32
		{AB397510-EEC5-4AE9-BED0-32C0EC69A886}.Release|x64.ActiveCfg = Release|x64
		{AB397510-EEC5-4AE9-BED0-32C0EC69A886}.Release|x64.Build.0 = Release|x64
		{AB397510-EEC5-4AE9-BED0-32C0EC69A886}.Release|x86.ActiveCfg = Release|Win32
		{AB397510-EEC5-4AE9-BED0-32C0EC69A886}.Release|x86.Build.0 = Release|Win32
		{058D32A9-21DF-45AE-A05B-F52BEE56F758}.Debug|x64.ActiveCfg = Debug|x64
		{058D32A9-21DF-45AE-A05B-F52BEE56F758}.Debug|x64.Build.0 = Debug|x64
		{058D32A9-21DF-45AE-A05B-F52BEE56F758}.Debug|x86.ActiveCfg = Debug|Win32
		{058D32A9-21DF-45AE-A05B-F52BEE56F758}.Debug|x86.Build.0 = Debug|Win32
		{058D32A9-21DF-45AE-A05B-F52BEE56F758}.Release|x64.ActiveCfg = Release|x64
		{058D32A9-21DF-45AE-A05B-F52BEE56F758}.Release|x64.Build.0 = Release|x64
		{058D32A9-21DF-45AE-A05B-F52BEE56F758}.Release|x86.ActiveCfg = Release|Win32
		{058D32A9-21DF-45AE-A05B-F52BEE56F758}.Release|x86.Build.0 = Release|Win32
		{54895B78-B3E1-43D3-B218-7342EA66ED4B}.Debug|x64.ActiveCfg = Debug|x64
		{54895B78-B3E1-43D3-B218-7342EA66ED4B}.Debug|x64.Build.0 = Debug|x64
		{54895B78-B3E1-43D3-B218-7342EA66ED4B}.Debug|x86.ActiveCfg = Debug|Win32
		{54895B78-B3E1-43D3-B218-7342EA66ED4B}.Debug|x86.Build.0 = Debug|Win32
		{54895B78-B3E1-43D3-B218-7342EA66ED4B}.Release|x64.ActiveCfg = Release|x64
		{54895B78-B3E1-43D3-B218-7342EA66ED4B}.Release|x64.Build.0 = Release|x64
		{54895B78-B3E1-43D3-B218-7342EA66ED4B}.Release|x86.ActiveCfg = Release|Win32
		{54895B78-B3E1-43D3-B218-7342EA66ED4B}.Release|x86.Build.0 = Release|Win32
	EndGlobalSection
	GlobalSection(SolutionProperties) = preSolution
		HideSolutionNode = FALSE
	EndGlobalSection
	GlobalSection(ExtensibilityGlobals) = postSolution
		SolutionGuid = {F6380E68-6C72-4E53-8228-C4D46199094E}
	EndGlobalSection
EndGlobal
